// !$*UTF8*$!
{
	archiveVersion = 1;
	classes = {
	};
	objectVersion = 56;
	objects = {

/* Begin PBXBuildFile section */
		5A00DD262A011EFE001E8424 /* CurrentPrice.swift in Sources */ = {isa = PBXBuildFile; fileRef = 5A00DD252A011EFE001E8424 /* CurrentPrice.swift */; };
		5A00DD282A011F08001E8424 /* ServerTime.swift in Sources */ = {isa = PBXBuildFile; fileRef = 5A00DD272A011F08001E8424 /* ServerTime.swift */; };
		5A00DD2A2A011F8C001E8424 /* Logger.swift in Sources */ = {isa = PBXBuildFile; fileRef = 5A00DD292A011F8C001E8424 /* Logger.swift */; };
		5A00DD2C2A011FD4001E8424 /* ApiManager.swift in Sources */ = {isa = PBXBuildFile; fileRef = 5A00DD2B2A011FD4001E8424 /* ApiManager.swift */; };
		5A00DD2E2A011FF3001E8424 /* NetworkError.swift in Sources */ = {isa = PBXBuildFile; fileRef = 5A00DD2D2A011FF3001E8424 /* NetworkError.swift */; };
		5A00DD302A012002001E8424 /* Parser.swift in Sources */ = {isa = PBXBuildFile; fileRef = 5A00DD2F2A012002001E8424 /* Parser.swift */; };
		5A00DD332A012025001E8424 /* CoinRequest.swift in Sources */ = {isa = PBXBuildFile; fileRef = 5A00DD322A012025001E8424 /* CoinRequest.swift */; };
		5A00DD382A01207F001E8424 /* RequestManager.swift in Sources */ = {isa = PBXBuildFile; fileRef = 5A00DD372A01207F001E8424 /* RequestManager.swift */; };
		5A00DD3A2A0120A1001E8424 /* RequestProtocol.swift in Sources */ = {isa = PBXBuildFile; fileRef = 5A00DD392A0120A1001E8424 /* RequestProtocol.swift */; };
		5A00DD3C2A0120B0001E8424 /* RequestType.swift in Sources */ = {isa = PBXBuildFile; fileRef = 5A00DD3B2A0120B0001E8424 /* RequestType.swift */; };
		5A00DD3E2A0120C0001E8424 /* APIConstant.swift in Sources */ = {isa = PBXBuildFile; fileRef = 5A00DD3D2A0120C0001E8424 /* APIConstant.swift */; };
		5A1E14E82A011A4A00237B9C /* CoinService.swift in Sources */ = {isa = PBXBuildFile; fileRef = 5A1E14E72A011A4900237B9C /* CoinService.swift */; };
		5A1E14EB2A011A6F00237B9C /* CoinViewModel.swift in Sources */ = {isa = PBXBuildFile; fileRef = 5A1E14EA2A011A6F00237B9C /* CoinViewModel.swift */; };
		5A2C4E472A013EB90080445F /* ChartData.swift in Sources */ = {isa = PBXBuildFile; fileRef = 5A2C4E462A013EB90080445F /* ChartData.swift */; };
		5A2EB2142A026EA900C1609A /* CandlestickMark.swift in Sources */ = {isa = PBXBuildFile; fileRef = 5A2EB2132A026EA900C1609A /* CandlestickMark.swift */; };
		5A2ECC672A02C0B500B8248C /* WebsocketService.swift in Sources */ = {isa = PBXBuildFile; fileRef = 5A2ECC662A02C0B500B8248C /* WebsocketService.swift */; };
		5A3DD0B62A00E40A00EDAE15 /* Double.swift in Sources */ = {isa = PBXBuildFile; fileRef = 5A3DD0B52A00E40A00EDAE15 /* Double.swift */; };
		5A54A5832A01FC1700E507EF /* ServerTimeRequest.swift in Sources */ = {isa = PBXBuildFile; fileRef = 5A54A5822A01FC1700E507EF /* ServerTimeRequest.swift */; };
		5A54A5892A020FA100E507EF /* CoinDataContainer.xcdatamodeld in Sources */ = {isa = PBXBuildFile; fileRef = 5A54A5872A020FA100E507EF /* CoinDataContainer.xcdatamodeld */; };
		5A54A58E2A0217C000E507EF /* CoinPersistenceService.swift in Sources */ = {isa = PBXBuildFile; fileRef = 5A54A58D2A0217C000E507EF /* CoinPersistenceService.swift */; };
		5AC5A55629FE4D1B00765C35 /* BitcoinChartApp.swift in Sources */ = {isa = PBXBuildFile; fileRef = 5AC5A55529FE4D1B00765C35 /* BitcoinChartApp.swift */; };
		5AC5A55829FE4D1B00765C35 /* CoinView.swift in Sources */ = {isa = PBXBuildFile; fileRef = 5AC5A55729FE4D1B00765C35 /* CoinView.swift */; };
		5AC5A55A29FE4D1D00765C35 /* Assets.xcassets in Resources */ = {isa = PBXBuildFile; fileRef = 5AC5A55929FE4D1D00765C35 /* Assets.xcassets */; };
		5AC5A55D29FE4D1D00765C35 /* Preview Assets.xcassets in Resources */ = {isa = PBXBuildFile; fileRef = 5AC5A55C29FE4D1D00765C35 /* Preview Assets.xcassets */; };
		5AC5A56829FE4F3A00765C35 /* Candelstick.swift in Sources */ = {isa = PBXBuildFile; fileRef = 5AC5A56729FE4F3A00765C35 /* Candelstick.swift */; };
		5AC5A56B29FE4F8D00765C35 /* Extensions.swift in Sources */ = {isa = PBXBuildFile; fileRef = 5AC5A56A29FE4F8D00765C35 /* Extensions.swift */; };
		5AC5A56E29FE506D00765C35 /* Websocket.swift in Sources */ = {isa = PBXBuildFile; fileRef = 5AC5A56D29FE506D00765C35 /* Websocket.swift */; };
		5AD2BB6029FF41CD00CBC4A2 /* CandleStickChart.swift in Sources */ = {isa = PBXBuildFile; fileRef = 5AD2BB5F29FF41CD00CBC4A2 /* CandleStickChart.swift */; };
		5AD2BB6229FF441100CBC4A2 /* Constants.swift in Sources */ = {isa = PBXBuildFile; fileRef = 5AD2BB6129FF441100CBC4A2 /* Constants.swift */; };
		5AD2BB6529FF6C7100CBC4A2 /* ChooseIntervalView.swift in Sources */ = {isa = PBXBuildFile; fileRef = 5AD2BB6429FF6C7100CBC4A2 /* ChooseIntervalView.swift */; };
		5AD2BB6729FF6CB100CBC4A2 /* IntervalRange.swift in Sources */ = {isa = PBXBuildFile; fileRef = 5AD2BB6629FF6CB100CBC4A2 /* IntervalRange.swift */; };
/* End PBXBuildFile section */

/* Begin PBXFileReference section */
		5A00DD252A011EFE001E8424 /* CurrentPrice.swift */ = {isa = PBXFileReference; lastKnownFileType = sourcecode.swift; path = CurrentPrice.swift; sourceTree = "<group>"; };
		5A00DD272A011F08001E8424 /* ServerTime.swift */ = {isa = PBXFileReference; lastKnownFileType = sourcecode.swift; path = ServerTime.swift; sourceTree = "<group>"; };
		5A00DD292A011F8C001E8424 /* Logger.swift */ = {isa = PBXFileReference; lastKnownFileType = sourcecode.swift; path = Logger.swift; sourceTree = "<group>"; };
		5A00DD2B2A011FD4001E8424 /* ApiManager.swift */ = {isa = PBXFileReference; lastKnownFileType = sourcecode.swift; path = ApiManager.swift; sourceTree = "<group>"; };
		5A00DD2D2A011FF3001E8424 /* NetworkError.swift */ = {isa = PBXFileReference; lastKnownFileType = sourcecode.swift; path = NetworkError.swift; sourceTree = "<group>"; };
		5A00DD2F2A012002001E8424 /* Parser.swift */ = {isa = PBXFileReference; lastKnownFileType = sourcecode.swift; path = Parser.swift; sourceTree = "<group>"; };
		5A00DD322A012025001E8424 /* CoinRequest.swift */ = {isa = PBXFileReference; lastKnownFileType = sourcecode.swift; path = CoinRequest.swift; sourceTree = "<group>"; };
		5A00DD372A01207F001E8424 /* RequestManager.swift */ = {isa = PBXFileReference; lastKnownFileType = sourcecode.swift; path = RequestManager.swift; sourceTree = "<group>"; };
		5A00DD392A0120A1001E8424 /* RequestProtocol.swift */ = {isa = PBXFileReference; lastKnownFileType = sourcecode.swift; path = RequestProtocol.swift; sourceTree = "<group>"; };
		5A00DD3B2A0120B0001E8424 /* RequestType.swift */ = {isa = PBXFileReference; lastKnownFileType = sourcecode.swift; path = RequestType.swift; sourceTree = "<group>"; };
		5A00DD3D2A0120C0001E8424 /* APIConstant.swift */ = {isa = PBXFileReference; lastKnownFileType = sourcecode.swift; path = APIConstant.swift; sourceTree = "<group>"; };
		5A1E14E72A011A4900237B9C /* CoinService.swift */ = {isa = PBXFileReference; lastKnownFileType = sourcecode.swift; path = CoinService.swift; sourceTree = "<group>"; };
		5A1E14EA2A011A6F00237B9C /* CoinViewModel.swift */ = {isa = PBXFileReference; lastKnownFileType = sourcecode.swift; path = CoinViewModel.swift; sourceTree = "<group>"; };
		5A2C4E462A013EB90080445F /* ChartData.swift */ = {isa = PBXFileReference; lastKnownFileType = sourcecode.swift; path = ChartData.swift; sourceTree = "<group>"; };
		5A2EB2132A026EA900C1609A /* CandlestickMark.swift */ = {isa = PBXFileReference; lastKnownFileType = sourcecode.swift; path = CandlestickMark.swift; sourceTree = "<group>"; };
		5A2ECC662A02C0B500B8248C /* WebsocketService.swift */ = {isa = PBXFileReference; lastKnownFileType = sourcecode.swift; path = WebsocketService.swift; sourceTree = "<group>"; };
		5A3DD0B52A00E40A00EDAE15 /* Double.swift */ = {isa = PBXFileReference; lastKnownFileType = sourcecode.swift; path = Double.swift; sourceTree = "<group>"; };
		5A54A5822A01FC1700E507EF /* ServerTimeRequest.swift */ = {isa = PBXFileReference; lastKnownFileType = sourcecode.swift; path = ServerTimeRequest.swift; sourceTree = "<group>"; };
		5A54A5882A020FA100E507EF /* CoinDataContainer.xcdatamodel */ = {isa = PBXFileReference; lastKnownFileType = wrapper.xcdatamodel; path = CoinDataContainer.xcdatamodel; sourceTree = "<group>"; };
		5A54A58D2A0217C000E507EF /* CoinPersistenceService.swift */ = {isa = PBXFileReference; lastKnownFileType = sourcecode.swift; path = CoinPersistenceService.swift; sourceTree = "<group>"; };
		5AC5A55229FE4D1B00765C35 /* BitcoinChart.app */ = {isa = PBXFileReference; explicitFileType = wrapper.application; includeInIndex = 0; path = BitcoinChart.app; sourceTree = BUILT_PRODUCTS_DIR; };
		5AC5A55529FE4D1B00765C35 /* BitcoinChartApp.swift */ = {isa = PBXFileReference; lastKnownFileType = sourcecode.swift; path = BitcoinChartApp.swift; sourceTree = "<group>"; };
		5AC5A55729FE4D1B00765C35 /* CoinView.swift */ = {isa = PBXFileReference; lastKnownFileType = sourcecode.swift; path = CoinView.swift; sourceTree = "<group>"; };
		5AC5A55929FE4D1D00765C35 /* Assets.xcassets */ = {isa = PBXFileReference; lastKnownFileType = folder.assetcatalog; path = Assets.xcassets; sourceTree = "<group>"; };
		5AC5A55C29FE4D1D00765C35 /* Preview Assets.xcassets */ = {isa = PBXFileReference; lastKnownFileType = folder.assetcatalog; path = "Preview Assets.xcassets"; sourceTree = "<group>"; };
		5AC5A56729FE4F3A00765C35 /* Candelstick.swift */ = {isa = PBXFileReference; lastKnownFileType = sourcecode.swift; path = Candelstick.swift; sourceTree = "<group>"; };
		5AC5A56A29FE4F8D00765C35 /* Extensions.swift */ = {isa = PBXFileReference; lastKnownFileType = sourcecode.swift; path = Extensions.swift; sourceTree = "<group>"; };
		5AC5A56D29FE506D00765C35 /* Websocket.swift */ = {isa = PBXFileReference; lastKnownFileType = sourcecode.swift; path = Websocket.swift; sourceTree = "<group>"; };
		5AD2BB5F29FF41CD00CBC4A2 /* CandleStickChart.swift */ = {isa = PBXFileReference; lastKnownFileType = sourcecode.swift; path = CandleStickChart.swift; sourceTree = "<group>"; };
		5AD2BB6129FF441100CBC4A2 /* Constants.swift */ = {isa = PBXFileReference; lastKnownFileType = sourcecode.swift; path = Constants.swift; sourceTree = "<group>"; };
		5AD2BB6429FF6C7100CBC4A2 /* ChooseIntervalView.swift */ = {isa = PBXFileReference; lastKnownFileType = sourcecode.swift; path = ChooseIntervalView.swift; sourceTree = "<group>"; };
		5AD2BB6629FF6CB100CBC4A2 /* IntervalRange.swift */ = {isa = PBXFileReference; lastKnownFileType = sourcecode.swift; path = IntervalRange.swift; sourceTree = "<group>"; };
/* End PBXFileReference section */

/* Begin PBXFrameworksBuildPhase section */
		5AC5A54F29FE4D1B00765C35 /* Frameworks */ = {
			isa = PBXFrameworksBuildPhase;
			buildActionMask = 2147483647;
			files = (
			);
			runOnlyForDeploymentPostprocessing = 0;
		};
/* End PBXFrameworksBuildPhase section */

/* Begin PBXGroup section */
		5A00DD1C2A011D93001E8424 /* api */ = {
			isa = PBXGroup;
			children = (
				5A00DD1F2A011DA8001E8424 /* request */,
				5A00DD1E2A011DA3001E8424 /* parser */,
				5A00DD1D2A011D9D001E8424 /* network */,
				5A00DD3D2A0120C0001E8424 /* APIConstant.swift */,
			);
			path = api;
			sourceTree = "<group>";
		};
		5A00DD1D2A011D9D001E8424 /* network */ = {
			isa = PBXGroup;
			children = (
				5A00DD2B2A011FD4001E8424 /* ApiManager.swift */,
				5A00DD2D2A011FF3001E8424 /* NetworkError.swift */,
			);
			path = network;
			sourceTree = "<group>";
		};
		5A00DD1E2A011DA3001E8424 /* parser */ = {
			isa = PBXGroup;
			children = (
				5A00DD2F2A012002001E8424 /* Parser.swift */,
			);
			path = parser;
			sourceTree = "<group>";
		};
		5A00DD1F2A011DA8001E8424 /* request */ = {
			isa = PBXGroup;
			children = (
				5A00DD312A01201B001E8424 /* Coin */,
				5A00DD362A012067001E8424 /* serverTime */,
				5A00DD372A01207F001E8424 /* RequestManager.swift */,
				5A00DD392A0120A1001E8424 /* RequestProtocol.swift */,
				5A00DD3B2A0120B0001E8424 /* RequestType.swift */,
			);
			path = request;
			sourceTree = "<group>";
		};
		5A00DD202A011DB9001E8424 /* models */ = {
			isa = PBXGroup;
			children = (
				5AC5A56729FE4F3A00765C35 /* Candelstick.swift */,
				5A00DD252A011EFE001E8424 /* CurrentPrice.swift */,
				5A00DD272A011F08001E8424 /* ServerTime.swift */,
				5A2C4E462A013EB90080445F /* ChartData.swift */,
			);
			path = models;
			sourceTree = "<group>";
		};
		5A00DD312A01201B001E8424 /* Coin */ = {
			isa = PBXGroup;
			children = (
				5A00DD322A012025001E8424 /* CoinRequest.swift */,
			);
			path = Coin;
			sourceTree = "<group>";
		};
		5A00DD362A012067001E8424 /* serverTime */ = {
			isa = PBXGroup;
			children = (
				5A54A5822A01FC1700E507EF /* ServerTimeRequest.swift */,
			);
			path = serverTime;
			sourceTree = "<group>";
		};
		5A1E14E62A011A2A00237B9C /* CoinService */ = {
			isa = PBXGroup;
			children = (
				5A1E14E72A011A4900237B9C /* CoinService.swift */,
				5AC5A56D29FE506D00765C35 /* Websocket.swift */,
				5A54A58D2A0217C000E507EF /* CoinPersistenceService.swift */,
				5A2ECC662A02C0B500B8248C /* WebsocketService.swift */,
			);
			path = CoinService;
			sourceTree = "<group>";
		};
		5A1E14E92A011A6400237B9C /* ViewModel */ = {
			isa = PBXGroup;
			children = (
				5A1E14EA2A011A6F00237B9C /* CoinViewModel.swift */,
			);
			path = ViewModel;
			sourceTree = "<group>";
		};
		5A1E14EC2A011A7F00237B9C /* CoinChart */ = {
			isa = PBXGroup;
			children = (
				5A1E14E62A011A2A00237B9C /* CoinService */,
				5A1E14E92A011A6400237B9C /* ViewModel */,
				5A3E5B172A011B7000C18D30 /* View */,
			);
			path = CoinChart;
			sourceTree = "<group>";
		};
		5A2EB2122A026E9400C1609A /* CandlestickChart */ = {
			isa = PBXGroup;
			children = (
				5A2EB2132A026EA900C1609A /* CandlestickMark.swift */,
			);
			path = CandlestickChart;
			sourceTree = "<group>";
		};
		5A3E5B172A011B7000C18D30 /* View */ = {
			isa = PBXGroup;
			children = (
				5A2EB2122A026E9400C1609A /* CandlestickChart */,
				5AD2BB6329FF6C5D00CBC4A2 /* ChooseIntervalView */,
				5AC5A55729FE4D1B00765C35 /* CoinView.swift */,
				5AD2BB5F29FF41CD00CBC4A2 /* CandleStickChart.swift */,
			);
			path = View;
			sourceTree = "<group>";
		};
		5A3E5B1A2A011C1800C18D30 /* Core */ = {
			isa = PBXGroup;
			children = (
				5A00DD1C2A011D93001E8424 /* api */,
				5A54A58A2A0215B600E507EF /* CoreData */,
				5A00DD202A011DB9001E8424 /* models */,
			);
			path = Core;
			sourceTree = "<group>";
		};
		5A54A58A2A0215B600E507EF /* CoreData */ = {
			isa = PBXGroup;
			children = (
				5A54A5872A020FA100E507EF /* CoinDataContainer.xcdatamodeld */,
			);
			path = CoreData;
			sourceTree = "<group>";
		};
		5AC5A54929FE4D1B00765C35 = {
			isa = PBXGroup;
			children = (
				5AC5A55429FE4D1B00765C35 /* BitcoinChart */,
				5AC5A55329FE4D1B00765C35 /* Products */,
			);
			sourceTree = "<group>";
		};
		5AC5A55329FE4D1B00765C35 /* Products */ = {
			isa = PBXGroup;
			children = (
				5AC5A55229FE4D1B00765C35 /* BitcoinChart.app */,
			);
			name = Products;
			sourceTree = "<group>";
		};
		5AC5A55429FE4D1B00765C35 /* BitcoinChart */ = {
			isa = PBXGroup;
			children = (
				5AC5A55529FE4D1B00765C35 /* BitcoinChartApp.swift */,
				5A3E5B1A2A011C1800C18D30 /* Core */,
				5A1E14EC2A011A7F00237B9C /* CoinChart */,
				5AC5A56929FE4F8100765C35 /* Helpers */,
				5AC5A55929FE4D1D00765C35 /* Assets.xcassets */,
				5AC5A55B29FE4D1D00765C35 /* Preview Content */,
			);
			path = BitcoinChart;
			sourceTree = "<group>";
		};
		5AC5A55B29FE4D1D00765C35 /* Preview Content */ = {
			isa = PBXGroup;
			children = (
				5AC5A55C29FE4D1D00765C35 /* Preview Assets.xcassets */,
			);
			path = "Preview Content";
			sourceTree = "<group>";
		};
		5AC5A56929FE4F8100765C35 /* Helpers */ = {
			isa = PBXGroup;
			children = (
				5AC5A56A29FE4F8D00765C35 /* Extensions.swift */,
				5AD2BB6129FF441100CBC4A2 /* Constants.swift */,
				5AD2BB6629FF6CB100CBC4A2 /* IntervalRange.swift */,
				5A3DD0B52A00E40A00EDAE15 /* Double.swift */,
				5A00DD292A011F8C001E8424 /* Logger.swift */,
			);
			path = Helpers;
			sourceTree = "<group>";
		};
		5AD2BB6329FF6C5D00CBC4A2 /* ChooseIntervalView */ = {
			isa = PBXGroup;
			children = (
				5AD2BB6429FF6C7100CBC4A2 /* ChooseIntervalView.swift */,
			);
			path = ChooseIntervalView;
			sourceTree = "<group>";
		};
/* End PBXGroup section */

/* Begin PBXNativeTarget section */
		5AC5A55129FE4D1B00765C35 /* BitcoinChart */ = {
			isa = PBXNativeTarget;
			buildConfigurationList = 5AC5A56029FE4D1D00765C35 /* Build configuration list for PBXNativeTarget "BitcoinChart" */;
			buildPhases = (
				5AC5A54E29FE4D1B00765C35 /* Sources */,
				5AC5A54F29FE4D1B00765C35 /* Frameworks */,
				5AC5A55029FE4D1B00765C35 /* Resources */,
			);
			buildRules = (
			);
			dependencies = (
			);
			name = BitcoinChart;
			packageProductDependencies = (
			);
			productName = BitcoinChart;
			productReference = 5AC5A55229FE4D1B00765C35 /* BitcoinChart.app */;
			productType = "com.apple.product-type.application";
		};
/* End PBXNativeTarget section */

/* Begin PBXProject section */
		5AC5A54A29FE4D1B00765C35 /* Project object */ = {
			isa = PBXProject;
			attributes = {
				BuildIndependentTargetsInParallel = 1;
				LastSwiftUpdateCheck = 1430;
				LastUpgradeCheck = 1430;
				TargetAttributes = {
					5AC5A55129FE4D1B00765C35 = {
						CreatedOnToolsVersion = 14.3;
					};
				};
			};
			buildConfigurationList = 5AC5A54D29FE4D1B00765C35 /* Build configuration list for PBXProject "BitcoinChart" */;
			compatibilityVersion = "Xcode 14.0";
			developmentRegion = en;
			hasScannedForEncodings = 0;
			knownRegions = (
				en,
				Base,
			);
			mainGroup = 5AC5A54929FE4D1B00765C35;
			packageReferences = (
			);
			productRefGroup = 5AC5A55329FE4D1B00765C35 /* Products */;
			projectDirPath = "";
			projectRoot = "";
			targets = (
				5AC5A55129FE4D1B00765C35 /* BitcoinChart */,
			);
		};
/* End PBXProject section */

/* Begin PBXResourcesBuildPhase section */
		5AC5A55029FE4D1B00765C35 /* Resources */ = {
			isa = PBXResourcesBuildPhase;
			buildActionMask = 2147483647;
			files = (
				5AC5A55D29FE4D1D00765C35 /* Preview Assets.xcassets in Resources */,
				5AC5A55A29FE4D1D00765C35 /* Assets.xcassets in Resources */,
			);
			runOnlyForDeploymentPostprocessing = 0;
		};
/* End PBXResourcesBuildPhase section */

/* Begin PBXSourcesBuildPhase section */
		5AC5A54E29FE4D1B00765C35 /* Sources */ = {
			isa = PBXSourcesBuildPhase;
			buildActionMask = 2147483647;
			files = (
				5AD2BB6729FF6CB100CBC4A2 /* IntervalRange.swift in Sources */,
				5AC5A56B29FE4F8D00765C35 /* Extensions.swift in Sources */,
				5AC5A56E29FE506D00765C35 /* Websocket.swift in Sources */,
				5A00DD382A01207F001E8424 /* RequestManager.swift in Sources */,
				5A2ECC672A02C0B500B8248C /* WebsocketService.swift in Sources */,
				5A00DD3A2A0120A1001E8424 /* RequestProtocol.swift in Sources */,
				5A54A5832A01FC1700E507EF /* ServerTimeRequest.swift in Sources */,
				5A1E14EB2A011A6F00237B9C /* CoinViewModel.swift in Sources */,
				5AD2BB6029FF41CD00CBC4A2 /* CandleStickChart.swift in Sources */,
				5A00DD332A012025001E8424 /* CoinRequest.swift in Sources */,
				5AC5A55829FE4D1B00765C35 /* CoinView.swift in Sources */,
				5AC5A56829FE4F3A00765C35 /* Candelstick.swift in Sources */,
				5A3DD0B62A00E40A00EDAE15 /* Double.swift in Sources */,
				5A00DD2E2A011FF3001E8424 /* NetworkError.swift in Sources */,
				5A2C4E472A013EB90080445F /* ChartData.swift in Sources */,
				5A00DD282A011F08001E8424 /* ServerTime.swift in Sources */,
				5A54A58E2A0217C000E507EF /* CoinPersistenceService.swift in Sources */,
				5A1E14E82A011A4A00237B9C /* CoinService.swift in Sources */,
				5A2EB2142A026EA900C1609A /* CandlestickMark.swift in Sources */,
				5A00DD3C2A0120B0001E8424 /* RequestType.swift in Sources */,
				5AD2BB6229FF441100CBC4A2 /* Constants.swift in Sources */,
				5A00DD2A2A011F8C001E8424 /* Logger.swift in Sources */,
				5A00DD2C2A011FD4001E8424 /* ApiManager.swift in Sources */,
				5A00DD3E2A0120C0001E8424 /* APIConstant.swift in Sources */,
				5AC5A55629FE4D1B00765C35 /* BitcoinChartApp.swift in Sources */,
				5A00DD262A011EFE001E8424 /* CurrentPrice.swift in Sources */,
				5AD2BB6529FF6C7100CBC4A2 /* ChooseIntervalView.swift in Sources */,
				5A00DD302A012002001E8424 /* Parser.swift in Sources */,
				5A54A5892A020FA100E507EF /* CoinDataContainer.xcdatamodeld in Sources */,
			);
			runOnlyForDeploymentPostprocessing = 0;
		};
/* End PBXSourcesBuildPhase section */

/* Begin XCBuildConfiguration section */
		5AC5A55E29FE4D1D00765C35 /* Debug */ = {
			isa = XCBuildConfiguration;
			buildSettings = {
				ALWAYS_SEARCH_USER_PATHS = NO;
				CLANG_ANALYZER_NONNULL = YES;
				CLANG_ANALYZER_NUMBER_OBJECT_CONVERSION = YES_AGGRESSIVE;
				CLANG_CXX_LANGUAGE_STANDARD = "gnu++20";
				CLANG_ENABLE_MODULES = YES;
				CLANG_ENABLE_OBJC_ARC = YES;
				CLANG_ENABLE_OBJC_WEAK = YES;
				CLANG_WARN_BLOCK_CAPTURE_AUTORELEASING = YES;
				CLANG_WARN_BOOL_CONVERSION = YES;
				CLANG_WARN_COMMA = YES;
				CLANG_WARN_CONSTANT_CONVERSION = YES;
				CLANG_WARN_DEPRECATED_OBJC_IMPLEMENTATIONS = YES;
				CLANG_WARN_DIRECT_OBJC_ISA_USAGE = YES_ERROR;
				CLANG_WARN_DOCUMENTATION_COMMENTS = YES;
				CLANG_WARN_EMPTY_BODY = YES;
				CLANG_WARN_ENUM_CONVERSION = YES;
				CLANG_WARN_INFINITE_RECURSION = YES;
				CLANG_WARN_INT_CONVERSION = YES;
				CLANG_WARN_NON_LITERAL_NULL_CONVERSION = YES;
				CLANG_WARN_OBJC_IMPLICIT_RETAIN_SELF = YES;
				CLANG_WARN_OBJC_LITERAL_CONVERSION = YES;
				CLANG_WARN_OBJC_ROOT_CLASS = YES_ERROR;
				CLANG_WARN_QUOTED_INCLUDE_IN_FRAMEWORK_HEADER = YES;
				CLANG_WARN_RANGE_LOOP_ANALYSIS = YES;
				CLANG_WARN_STRICT_PROTOTYPES = YES;
				CLANG_WARN_SUSPICIOUS_MOVE = YES;
				CLANG_WARN_UNGUARDED_AVAILABILITY = YES_AGGRESSIVE;
				CLANG_WARN_UNREACHABLE_CODE = YES;
				CLANG_WARN__DUPLICATE_METHOD_MATCH = YES;
				COPY_PHASE_STRIP = NO;
				DEBUG_INFORMATION_FORMAT = dwarf;
				ENABLE_STRICT_OBJC_MSGSEND = YES;
				ENABLE_TESTABILITY = YES;
				GCC_C_LANGUAGE_STANDARD = gnu11;
				GCC_DYNAMIC_NO_PIC = NO;
				GCC_NO_COMMON_BLOCKS = YES;
				GCC_OPTIMIZATION_LEVEL = 0;
				GCC_PREPROCESSOR_DEFINITIONS = (
					"DEBUG=1",
					"$(inherited)",
				);
				GCC_WARN_64_TO_32_BIT_CONVERSION = YES;
				GCC_WARN_ABOUT_RETURN_TYPE = YES_ERROR;
				GCC_WARN_UNDECLARED_SELECTOR = YES;
				GCC_WARN_UNINITIALIZED_AUTOS = YES_AGGRESSIVE;
				GCC_WARN_UNUSED_FUNCTION = YES;
				GCC_WARN_UNUSED_VARIABLE = YES;
				IPHONEOS_DEPLOYMENT_TARGET = 16.4;
				MTL_ENABLE_DEBUG_INFO = INCLUDE_SOURCE;
				MTL_FAST_MATH = YES;
				ONLY_ACTIVE_ARCH = YES;
				SDKROOT = iphoneos;
				SWIFT_ACTIVE_COMPILATION_CONDITIONS = DEBUG;
				SWIFT_OPTIMIZATION_LEVEL = "-Onone";
			};
			name = Debug;
		};
		5AC5A55F29FE4D1D00765C35 /* Release */ = {
			isa = XCBuildConfiguration;
			buildSettings = {
				ALWAYS_SEARCH_USER_PATHS = NO;
				CLANG_ANALYZER_NONNULL = YES;
				CLANG_ANALYZER_NUMBER_OBJECT_CONVERSION = YES_AGGRESSIVE;
				CLANG_CXX_LANGUAGE_STANDARD = "gnu++20";
				CLANG_ENABLE_MODULES = YES;
				CLANG_ENABLE_OBJC_ARC = YES;
				CLANG_ENABLE_OBJC_WEAK = YES;
				CLANG_WARN_BLOCK_CAPTURE_AUTORELEASING = YES;
				CLANG_WARN_BOOL_CONVERSION = YES;
				CLANG_WARN_COMMA = YES;
				CLANG_WARN_CONSTANT_CONVERSION = YES;
				CLANG_WARN_DEPRECATED_OBJC_IMPLEMENTATIONS = YES;
				CLANG_WARN_DIRECT_OBJC_ISA_USAGE = YES_ERROR;
				CLANG_WARN_DOCUMENTATION_COMMENTS = YES;
				CLANG_WARN_EMPTY_BODY = YES;
				CLANG_WARN_ENUM_CONVERSION = YES;
				CLANG_WARN_INFINITE_RECURSION = YES;
				CLANG_WARN_INT_CONVERSION = YES;
				CLANG_WARN_NON_LITERAL_NULL_CONVERSION = YES;
				CLANG_WARN_OBJC_IMPLICIT_RETAIN_SELF = YES;
				CLANG_WARN_OBJC_LITERAL_CONVERSION = YES;
				CLANG_WARN_OBJC_ROOT_CLASS = YES_ERROR;
				CLANG_WARN_QUOTED_INCLUDE_IN_FRAMEWORK_HEADER = YES;
				CLANG_WARN_RANGE_LOOP_ANALYSIS = YES;
				CLANG_WARN_STRICT_PROTOTYPES = YES;
				CLANG_WARN_SUSPICIOUS_MOVE = YES;
				CLANG_WARN_UNGUARDED_AVAILABILITY = YES_AGGRESSIVE;
				CLANG_WARN_UNREACHABLE_CODE = YES;
				CLANG_WARN__DUPLICATE_METHOD_MATCH = YES;
				COPY_PHASE_STRIP = NO;
				DEBUG_INFORMATION_FORMAT = "dwarf-with-dsym";
				ENABLE_NS_ASSERTIONS = NO;
				ENABLE_STRICT_OBJC_MSGSEND = YES;
				GCC_C_LANGUAGE_STANDARD = gnu11;
				GCC_NO_COMMON_BLOCKS = YES;
				GCC_WARN_64_TO_32_BIT_CONVERSION = YES;
				GCC_WARN_ABOUT_RETURN_TYPE = YES_ERROR;
				GCC_WARN_UNDECLARED_SELECTOR = YES;
				GCC_WARN_UNINITIALIZED_AUTOS = YES_AGGRESSIVE;
				GCC_WARN_UNUSED_FUNCTION = YES;
				GCC_WARN_UNUSED_VARIABLE = YES;
				IPHONEOS_DEPLOYMENT_TARGET = 16.4;
				MTL_ENABLE_DEBUG_INFO = NO;
				MTL_FAST_MATH = YES;
				SDKROOT = iphoneos;
				SWIFT_COMPILATION_MODE = wholemodule;
				SWIFT_OPTIMIZATION_LEVEL = "-O";
				VALIDATE_PRODUCT = YES;
			};
			name = Release;
		};
		5AC5A56129FE4D1D00765C35 /* Debug */ = {
			isa = XCBuildConfiguration;
			buildSettings = {
				ASSETCATALOG_COMPILER_APPICON_NAME = AppIcon;
				ASSETCATALOG_COMPILER_GLOBAL_ACCENT_COLOR_NAME = AccentColor;
				CODE_SIGN_STYLE = Automatic;
				CURRENT_PROJECT_VERSION = 1;
				DEVELOPMENT_ASSET_PATHS = "\"BitcoinChart/Preview Content\"";
				DEVELOPMENT_TEAM = NM9YBSUGNH;
				ENABLE_PREVIEWS = YES;
				GENERATE_INFOPLIST_FILE = YES;
				INFOPLIST_KEY_UIApplicationSceneManifest_Generation = YES;
				INFOPLIST_KEY_UIApplicationSupportsIndirectInputEvents = YES;
				INFOPLIST_KEY_UILaunchScreen_Generation = YES;
				INFOPLIST_KEY_UISupportedInterfaceOrientations = "UIInterfaceOrientationLandscapeLeft UIInterfaceOrientationLandscapeRight UIInterfaceOrientationPortrait";
				IPHONEOS_DEPLOYMENT_TARGET = 16.0;
				LD_RUNPATH_SEARCH_PATHS = (
					"$(inherited)",
					"@executable_path/Frameworks",
				);
				MARKETING_VERSION = 1.0;
				PRODUCT_BUNDLE_IDENTIFIER = com.vinhht.BitcoinChart;
				PRODUCT_NAME = "$(TARGET_NAME)";
				SWIFT_EMIT_LOC_STRINGS = YES;
				SWIFT_VERSION = 5.0;
				TARGETED_DEVICE_FAMILY = "1,2";
			};
			name = Debug;
		};
		5AC5A56229FE4D1D00765C35 /* Release */ = {
			isa = XCBuildConfiguration;
			buildSettings = {
				ASSETCATALOG_COMPILER_APPICON_NAME = AppIcon;
				ASSETCATALOG_COMPILER_GLOBAL_ACCENT_COLOR_NAME = AccentColor;
				CODE_SIGN_STYLE = Automatic;
				CURRENT_PROJECT_VERSION = 1;
				DEVELOPMENT_ASSET_PATHS = "\"BitcoinChart/Preview Content\"";
				DEVELOPMENT_TEAM = NM9YBSUGNH;
				ENABLE_PREVIEWS = YES;
				GENERATE_INFOPLIST_FILE = YES;
				INFOPLIST_KEY_UIApplicationSceneManifest_Generation = YES;
				INFOPLIST_KEY_UIApplicationSupportsIndirectInputEvents = YES;
				INFOPLIST_KEY_UILaunchScreen_Generation = YES;
				INFOPLIST_KEY_UISupportedInterfaceOrientations = "UIInterfaceOrientationLandscapeLeft UIInterfaceOrientationLandscapeRight UIInterfaceOrientationPortrait";
				IPHONEOS_DEPLOYMENT_TARGET = 16.0;
				LD_RUNPATH_SEARCH_PATHS = (
					"$(inherited)",
					"@executable_path/Frameworks",
				);
				MARKETING_VERSION = 1.0;
				PRODUCT_BUNDLE_IDENTIFIER = com.vinhht.BitcoinChart;
				PRODUCT_NAME = "$(TARGET_NAME)";
				SWIFT_EMIT_LOC_STRINGS = YES;
				SWIFT_VERSION = 5.0;
				TARGETED_DEVICE_FAMILY = "1,2";
			};
			name = Release;
		};
/* End XCBuildConfiguration section */

/* Begin XCConfigurationList section */
		5AC5A54D29FE4D1B00765C35 /* Build configuration list for PBXProject "BitcoinChart" */ = {
			isa = XCConfigurationList;
			buildConfigurations = (
				5AC5A55E29FE4D1D00765C35 /* Debug */,
				5AC5A55F29FE4D1D00765C35 /* Release */,
			);
			defaultConfigurationIsVisible = 0;
			defaultConfigurationName = Release;
		};
		5AC5A56029FE4D1D00765C35 /* Build configuration list for PBXNativeTarget "BitcoinChart" */ = {
			isa = XCConfigurationList;
			buildConfigurations = (
				5AC5A56129FE4D1D00765C35 /* Debug */,
				5AC5A56229FE4D1D00765C35 /* Release */,
			);
			defaultConfigurationIsVisible = 0;
			defaultConfigurationName = Release;
		};
/* End XCConfigurationList section */

/* Begin XCVersionGroup section */
		5A54A5872A020FA100E507EF /* CoinDataContainer.xcdatamodeld */ = {
			isa = XCVersionGroup;
			children = (
				5A54A5882A020FA100E507EF /* CoinDataContainer.xcdatamodel */,
			);
			currentVersion = 5A54A5882A020FA100E507EF /* CoinDataContainer.xcdatamodel */;
			path = CoinDataContainer.xcdatamodeld;
			sourceTree = "<group>";
			versionGroupType = wrapper.xcdatamodel;
		};
/* End XCVersionGroup section */
	};
	rootObject = 5AC5A54A29FE4D1B00765C35 /* Project object */;
}
