// !$*UTF8*$!
{
	archiveVersion = 1;
	classes = {
	};
	objectVersion = 56;
	objects = {

/* Begin PBXBuildFile section */
		5A3DD0B42A00A2EF00EDAE15 /* ServerTime.swift in Sources */ = {isa = PBXBuildFile; fileRef = 5A3DD0B32A00A2EF00EDAE15 /* ServerTime.swift */; };
		5A3DD0B62A00E40A00EDAE15 /* Double.swift in Sources */ = {isa = PBXBuildFile; fileRef = 5A3DD0B52A00E40A00EDAE15 /* Double.swift */; };
		5A3DD0BA2A00F0C100EDAE15 /* NetworkError.swift in Sources */ = {isa = PBXBuildFile; fileRef = 5A3DD0B92A00F0C100EDAE15 /* NetworkError.swift */; };
		5A3DD0BC2A00F1A100EDAE15 /* ApiManager.swift in Sources */ = {isa = PBXBuildFile; fileRef = 5A3DD0BB2A00F1A100EDAE15 /* ApiManager.swift */; };
		5A3DD0BE2A00F20E00EDAE15 /* RequestProtocol.swift in Sources */ = {isa = PBXBuildFile; fileRef = 5A3DD0BD2A00F20E00EDAE15 /* RequestProtocol.swift */; };
		5A3DD0C32A00F28F00EDAE15 /* APIConstants.swift in Sources */ = {isa = PBXBuildFile; fileRef = 5A3DD0C22A00F28F00EDAE15 /* APIConstants.swift */; };
		5A3DD0C52A00F33E00EDAE15 /* RequestType.swift in Sources */ = {isa = PBXBuildFile; fileRef = 5A3DD0C42A00F33E00EDAE15 /* RequestType.swift */; };
		5A3DD0C72A00F3BD00EDAE15 /* RequestManager.swift in Sources */ = {isa = PBXBuildFile; fileRef = 5A3DD0C62A00F3BD00EDAE15 /* RequestManager.swift */; };
		5A3DD0CA2A00F3EC00EDAE15 /* DataParser.swift in Sources */ = {isa = PBXBuildFile; fileRef = 5A3DD0C92A00F3EC00EDAE15 /* DataParser.swift */; };
		5A3DD0CE2A00F46900EDAE15 /* CoinRequest.swift in Sources */ = {isa = PBXBuildFile; fileRef = 5A3DD0CD2A00F46900EDAE15 /* CoinRequest.swift */; };
		5A3DD0D52A00FE4300EDAE15 /* CoinService.swift in Sources */ = {isa = PBXBuildFile; fileRef = 5A3DD0D42A00FE4300EDAE15 /* CoinService.swift */; };
		5A3DD0D82A00FEF900EDAE15 /* CoinViewModel.swift in Sources */ = {isa = PBXBuildFile; fileRef = 5A3DD0D72A00FEF900EDAE15 /* CoinViewModel.swift */; };
		5A3DD0DA2A01026000EDAE15 /* Logger.swift in Sources */ = {isa = PBXBuildFile; fileRef = 5A3DD0D92A01026000EDAE15 /* Logger.swift */; };
		5A3DD0DD2A0108F000EDAE15 /* ServerTime.swift in Sources */ = {isa = PBXBuildFile; fileRef = 5A3DD0DC2A0108F000EDAE15 /* ServerTime.swift */; };
		5AC5A55629FE4D1B00765C35 /* BitcoinChartApp.swift in Sources */ = {isa = PBXBuildFile; fileRef = 5AC5A55529FE4D1B00765C35 /* BitcoinChartApp.swift */; };
		5AC5A55829FE4D1B00765C35 /* ContentView.swift in Sources */ = {isa = PBXBuildFile; fileRef = 5AC5A55729FE4D1B00765C35 /* ContentView.swift */; };
		5AC5A55A29FE4D1D00765C35 /* Assets.xcassets in Resources */ = {isa = PBXBuildFile; fileRef = 5AC5A55929FE4D1D00765C35 /* Assets.xcassets */; };
		5AC5A55D29FE4D1D00765C35 /* Preview Assets.xcassets in Resources */ = {isa = PBXBuildFile; fileRef = 5AC5A55C29FE4D1D00765C35 /* Preview Assets.xcassets */; };
		5AC5A56429FE4E8B00765C35 /* MockData.swift in Sources */ = {isa = PBXBuildFile; fileRef = 5AC5A56329FE4E8B00765C35 /* MockData.swift */; };
		5AC5A56829FE4F3A00765C35 /* Candelstick.swift in Sources */ = {isa = PBXBuildFile; fileRef = 5AC5A56729FE4F3A00765C35 /* Candelstick.swift */; };
		5AC5A56B29FE4F8D00765C35 /* Extensions.swift in Sources */ = {isa = PBXBuildFile; fileRef = 5AC5A56A29FE4F8D00765C35 /* Extensions.swift */; };
		5AC5A56E29FE506D00765C35 /* Websocket.swift in Sources */ = {isa = PBXBuildFile; fileRef = 5AC5A56D29FE506D00765C35 /* Websocket.swift */; };
		5AC5A57029FE50E600765C35 /* Coin.swift in Sources */ = {isa = PBXBuildFile; fileRef = 5AC5A56F29FE50E600765C35 /* Coin.swift */; };
		5AC5A57229FE51AC00765C35 /* NetworkManager.swift in Sources */ = {isa = PBXBuildFile; fileRef = 5AC5A57129FE51AC00765C35 /* NetworkManager.swift */; };
		5AD2BB6029FF41CD00CBC4A2 /* CandleStickChart.swift in Sources */ = {isa = PBXBuildFile; fileRef = 5AD2BB5F29FF41CD00CBC4A2 /* CandleStickChart.swift */; };
		5AD2BB6229FF441100CBC4A2 /* Constants.swift in Sources */ = {isa = PBXBuildFile; fileRef = 5AD2BB6129FF441100CBC4A2 /* Constants.swift */; };
		5AD2BB6529FF6C7100CBC4A2 /* ChooseIntervalView.swift in Sources */ = {isa = PBXBuildFile; fileRef = 5AD2BB6429FF6C7100CBC4A2 /* ChooseIntervalView.swift */; };
		5AD2BB6729FF6CB100CBC4A2 /* IntervalRange.swift in Sources */ = {isa = PBXBuildFile; fileRef = 5AD2BB6629FF6CB100CBC4A2 /* IntervalRange.swift */; };
/* End PBXBuildFile section */

/* Begin PBXFileReference section */
		5A3DD0B32A00A2EF00EDAE15 /* ServerTime.swift */ = {isa = PBXFileReference; lastKnownFileType = sourcecode.swift; path = ServerTime.swift; sourceTree = "<group>"; };
		5A3DD0B52A00E40A00EDAE15 /* Double.swift */ = {isa = PBXFileReference; lastKnownFileType = sourcecode.swift; path = Double.swift; sourceTree = "<group>"; };
		5A3DD0B92A00F0C100EDAE15 /* NetworkError.swift */ = {isa = PBXFileReference; lastKnownFileType = sourcecode.swift; path = NetworkError.swift; sourceTree = "<group>"; };
		5A3DD0BB2A00F1A100EDAE15 /* ApiManager.swift */ = {isa = PBXFileReference; lastKnownFileType = sourcecode.swift; path = ApiManager.swift; sourceTree = "<group>"; };
		5A3DD0BD2A00F20E00EDAE15 /* RequestProtocol.swift */ = {isa = PBXFileReference; lastKnownFileType = sourcecode.swift; path = RequestProtocol.swift; sourceTree = "<group>"; };
		5A3DD0C22A00F28F00EDAE15 /* APIConstants.swift */ = {isa = PBXFileReference; lastKnownFileType = sourcecode.swift; path = APIConstants.swift; sourceTree = "<group>"; };
		5A3DD0C42A00F33E00EDAE15 /* RequestType.swift */ = {isa = PBXFileReference; lastKnownFileType = sourcecode.swift; path = RequestType.swift; sourceTree = "<group>"; };
		5A3DD0C62A00F3BD00EDAE15 /* RequestManager.swift */ = {isa = PBXFileReference; lastKnownFileType = sourcecode.swift; path = RequestManager.swift; sourceTree = "<group>"; };
		5A3DD0C92A00F3EC00EDAE15 /* DataParser.swift */ = {isa = PBXFileReference; lastKnownFileType = sourcecode.swift; path = DataParser.swift; sourceTree = "<group>"; };
		5A3DD0CD2A00F46900EDAE15 /* CoinRequest.swift */ = {isa = PBXFileReference; lastKnownFileType = sourcecode.swift; path = CoinRequest.swift; sourceTree = "<group>"; };
		5A3DD0D42A00FE4300EDAE15 /* CoinService.swift */ = {isa = PBXFileReference; lastKnownFileType = sourcecode.swift; path = CoinService.swift; sourceTree = "<group>"; };
		5A3DD0D72A00FEF900EDAE15 /* CoinViewModel.swift */ = {isa = PBXFileReference; lastKnownFileType = sourcecode.swift; path = CoinViewModel.swift; sourceTree = "<group>"; };
		5A3DD0D92A01026000EDAE15 /* Logger.swift */ = {isa = PBXFileReference; lastKnownFileType = sourcecode.swift; path = Logger.swift; sourceTree = "<group>"; };
		5A3DD0DC2A0108F000EDAE15 /* ServerTime.swift */ = {isa = PBXFileReference; lastKnownFileType = sourcecode.swift; path = ServerTime.swift; sourceTree = "<group>"; };
		5AC5A55229FE4D1B00765C35 /* BitcoinChart.app */ = {isa = PBXFileReference; explicitFileType = wrapper.application; includeInIndex = 0; path = BitcoinChart.app; sourceTree = BUILT_PRODUCTS_DIR; };
		5AC5A55529FE4D1B00765C35 /* BitcoinChartApp.swift */ = {isa = PBXFileReference; lastKnownFileType = sourcecode.swift; path = BitcoinChartApp.swift; sourceTree = "<group>"; };
		5AC5A55729FE4D1B00765C35 /* ContentView.swift */ = {isa = PBXFileReference; lastKnownFileType = sourcecode.swift; path = ContentView.swift; sourceTree = "<group>"; };
		5AC5A55929FE4D1D00765C35 /* Assets.xcassets */ = {isa = PBXFileReference; lastKnownFileType = folder.assetcatalog; path = Assets.xcassets; sourceTree = "<group>"; };
		5AC5A55C29FE4D1D00765C35 /* Preview Assets.xcassets */ = {isa = PBXFileReference; lastKnownFileType = folder.assetcatalog; path = "Preview Assets.xcassets"; sourceTree = "<group>"; };
		5AC5A56329FE4E8B00765C35 /* MockData.swift */ = {isa = PBXFileReference; lastKnownFileType = sourcecode.swift; path = MockData.swift; sourceTree = "<group>"; };
		5AC5A56729FE4F3A00765C35 /* Candelstick.swift */ = {isa = PBXFileReference; lastKnownFileType = sourcecode.swift; path = Candelstick.swift; sourceTree = "<group>"; };
		5AC5A56A29FE4F8D00765C35 /* Extensions.swift */ = {isa = PBXFileReference; lastKnownFileType = sourcecode.swift; path = Extensions.swift; sourceTree = "<group>"; };
		5AC5A56D29FE506D00765C35 /* Websocket.swift */ = {isa = PBXFileReference; lastKnownFileType = sourcecode.swift; path = Websocket.swift; sourceTree = "<group>"; };
		5AC5A56F29FE50E600765C35 /* Coin.swift */ = {isa = PBXFileReference; lastKnownFileType = sourcecode.swift; path = Coin.swift; sourceTree = "<group>"; };
		5AC5A57129FE51AC00765C35 /* NetworkManager.swift */ = {isa = PBXFileReference; lastKnownFileType = sourcecode.swift; path = NetworkManager.swift; sourceTree = "<group>"; };
		5AD2BB5F29FF41CD00CBC4A2 /* CandleStickChart.swift */ = {isa = PBXFileReference; lastKnownFileType = sourcecode.swift; path = CandleStickChart.swift; sourceTree = "<group>"; };
		5AD2BB6129FF441100CBC4A2 /* Constants.swift */ = {isa = PBXFileReference; lastKnownFileType = sourcecode.swift; path = Constants.swift; sourceTree = "<group>"; };
		5AD2BB6429FF6C7100CBC4A2 /* ChooseIntervalView.swift */ = {isa = PBXFileReference; lastKnownFileType = sourcecode.swift; path = ChooseIntervalView.swift; sourceTree = "<group>"; };
		5AD2BB6629FF6CB100CBC4A2 /* IntervalRange.swift */ = {isa = PBXFileReference; lastKnownFileType = sourcecode.swift; path = IntervalRange.swift; sourceTree = "<group>"; };
/* End PBXFileReference section */

/* Begin PBXFrameworksBuildPhase section */
		5AC5A54F29FE4D1B00765C35 /* Frameworks */ = {
			isa = PBXFrameworksBuildPhase;
			buildActionMask = 2147483647;
			files = (
			);
			runOnlyForDeploymentPostprocessing = 0;
		};
/* End PBXFrameworksBuildPhase section */

/* Begin PBXGroup section */
		5A3DD0B72A00F0B000EDAE15 /* api */ = {
			isa = PBXGroup;
			children = (
				5A3DD0C82A00F3E000EDAE15 /* parser */,
				5A3DD0BF2A00F23300EDAE15 /* request */,
				5A3DD0B82A00F0B500EDAE15 /* network */,
				5A3DD0C22A00F28F00EDAE15 /* APIConstants.swift */,
			);
			path = api;
			sourceTree = "<group>";
		};
		5A3DD0B82A00F0B500EDAE15 /* network */ = {
			isa = PBXGroup;
			children = (
				5A3DD0B92A00F0C100EDAE15 /* NetworkError.swift */,
				5A3DD0BB2A00F1A100EDAE15 /* ApiManager.swift */,
			);
			path = network;
			sourceTree = "<group>";
		};
		5A3DD0BF2A00F23300EDAE15 /* request */ = {
			isa = PBXGroup;
			children = (
				5A3DD0DB2A0108E300EDAE15 /* serverTime */,
				5A3DD0CB2A00F44900EDAE15 /* Klines */,
				5A3DD0BD2A00F20E00EDAE15 /* RequestProtocol.swift */,
				5A3DD0C62A00F3BD00EDAE15 /* RequestManager.swift */,
				5A3DD0C42A00F33E00EDAE15 /* RequestType.swift */,
			);
			path = request;
			sourceTree = "<group>";
		};
		5A3DD0C82A00F3E000EDAE15 /* parser */ = {
			isa = PBXGroup;
			children = (
				5A3DD0C92A00F3EC00EDAE15 /* DataParser.swift */,
			);
			path = parser;
			sourceTree = "<group>";
		};
		5A3DD0CB2A00F44900EDAE15 /* Klines */ = {
			isa = PBXGroup;
			children = (
				5A3DD0CD2A00F46900EDAE15 /* CoinRequest.swift */,
			);
			path = Klines;
			sourceTree = "<group>";
		};
		5A3DD0D02A00F9D400EDAE15 /* CoinMarketcap */ = {
			isa = PBXGroup;
			children = (
				5A3DD0D32A00FD5D00EDAE15 /* Viewmodel */,
				5AC5A56C29FE506200765C35 /* CoinService */,
				5A664B8529FED983005239B6 /* Views */,
			);
			path = CoinMarketcap;
			sourceTree = "<group>";
		};
		5A3DD0D12A00FD0300EDAE15 /* Core */ = {
			isa = PBXGroup;
			children = (
				5A3DD0D22A00FD4000EDAE15 /* model */,
				5A3DD0B72A00F0B000EDAE15 /* api */,
			);
			path = Core;
			sourceTree = "<group>";
		};
		5A3DD0D22A00FD4000EDAE15 /* model */ = {
			isa = PBXGroup;
			children = (
				5AC5A56729FE4F3A00765C35 /* Candelstick.swift */,
				5AC5A56F29FE50E600765C35 /* Coin.swift */,
				5A3DD0B32A00A2EF00EDAE15 /* ServerTime.swift */,
			);
			path = model;
			sourceTree = "<group>";
		};
		5A3DD0D32A00FD5D00EDAE15 /* Viewmodel */ = {
			isa = PBXGroup;
			children = (
				5A3DD0D72A00FEF900EDAE15 /* CoinViewModel.swift */,
			);
			path = Viewmodel;
			sourceTree = "<group>";
		};
		5A3DD0DB2A0108E300EDAE15 /* serverTime */ = {
			isa = PBXGroup;
			children = (
				5A3DD0DC2A0108F000EDAE15 /* ServerTime.swift */,
			);
			path = serverTime;
			sourceTree = "<group>";
		};
		5A664B8529FED983005239B6 /* Views */ = {
			isa = PBXGroup;
			children = (
				5AD2BB6329FF6C5D00CBC4A2 /* ChooseIntervalView */,
				5AD2BB5F29FF41CD00CBC4A2 /* CandleStickChart.swift */,
			);
			path = Views;
			sourceTree = "<group>";
		};
		5AC5A54929FE4D1B00765C35 = {
			isa = PBXGroup;
			children = (
				5AC5A55429FE4D1B00765C35 /* BitcoinChart */,
				5AC5A55329FE4D1B00765C35 /* Products */,
			);
			sourceTree = "<group>";
		};
		5AC5A55329FE4D1B00765C35 /* Products */ = {
			isa = PBXGroup;
			children = (
				5AC5A55229FE4D1B00765C35 /* BitcoinChart.app */,
			);
			name = Products;
			sourceTree = "<group>";
		};
		5AC5A55429FE4D1B00765C35 /* BitcoinChart */ = {
			isa = PBXGroup;
			children = (
				5A3DD0D12A00FD0300EDAE15 /* Core */,
				5A3DD0D02A00F9D400EDAE15 /* CoinMarketcap */,
				5AC5A55529FE4D1B00765C35 /* BitcoinChartApp.swift */,
				5AC5A55729FE4D1B00765C35 /* ContentView.swift */,
				5AC5A56929FE4F8100765C35 /* Helpers */,
				5AC5A56629FE4F0F00765C35 /* Models */,
				5AC5A56329FE4E8B00765C35 /* MockData.swift */,
				5AC5A55929FE4D1D00765C35 /* Assets.xcassets */,
				5AC5A55B29FE4D1D00765C35 /* Preview Content */,
			);
			path = BitcoinChart;
			sourceTree = "<group>";
		};
		5AC5A55B29FE4D1D00765C35 /* Preview Content */ = {
			isa = PBXGroup;
			children = (
				5AC5A55C29FE4D1D00765C35 /* Preview Assets.xcassets */,
			);
			path = "Preview Content";
			sourceTree = "<group>";
		};
		5AC5A56629FE4F0F00765C35 /* Models */ = {
			isa = PBXGroup;
			children = (
			);
			path = Models;
			sourceTree = "<group>";
		};
		5AC5A56929FE4F8100765C35 /* Helpers */ = {
			isa = PBXGroup;
			children = (
				5AC5A56A29FE4F8D00765C35 /* Extensions.swift */,
				5AD2BB6129FF441100CBC4A2 /* Constants.swift */,
				5AD2BB6629FF6CB100CBC4A2 /* IntervalRange.swift */,
				5A3DD0B52A00E40A00EDAE15 /* Double.swift */,
				5A3DD0D92A01026000EDAE15 /* Logger.swift */,
			);
			path = Helpers;
			sourceTree = "<group>";
		};
		5AC5A56C29FE506200765C35 /* CoinService */ = {
			isa = PBXGroup;
			children = (
				5AC5A56D29FE506D00765C35 /* Websocket.swift */,
				5AC5A57129FE51AC00765C35 /* NetworkManager.swift */,
				5A3DD0D42A00FE4300EDAE15 /* CoinService.swift */,
			);
			path = CoinService;
			sourceTree = "<group>";
		};
		5AD2BB6329FF6C5D00CBC4A2 /* ChooseIntervalView */ = {
			isa = PBXGroup;
			children = (
				5AD2BB6429FF6C7100CBC4A2 /* ChooseIntervalView.swift */,
			);
			path = ChooseIntervalView;
			sourceTree = "<group>";
		};
/* End PBXGroup section */

/* Begin PBXNativeTarget section */
		5AC5A55129FE4D1B00765C35 /* BitcoinChart */ = {
			isa = PBXNativeTarget;
			buildConfigurationList = 5AC5A56029FE4D1D00765C35 /* Build configuration list for PBXNativeTarget "BitcoinChart" */;
			buildPhases = (
				5AC5A54E29FE4D1B00765C35 /* Sources */,
				5AC5A54F29FE4D1B00765C35 /* Frameworks */,
				5AC5A55029FE4D1B00765C35 /* Resources */,
			);
			buildRules = (
			);
			dependencies = (
			);
			name = BitcoinChart;
			packageProductDependencies = (
			);
			productName = BitcoinChart;
			productReference = 5AC5A55229FE4D1B00765C35 /* BitcoinChart.app */;
			productType = "com.apple.product-type.application";
		};
/* End PBXNativeTarget section */

/* Begin PBXProject section */
		5AC5A54A29FE4D1B00765C35 /* Project object */ = {
			isa = PBXProject;
			attributes = {
				BuildIndependentTargetsInParallel = 1;
				LastSwiftUpdateCheck = 1430;
				LastUpgradeCheck = 1430;
				TargetAttributes = {
					5AC5A55129FE4D1B00765C35 = {
						CreatedOnToolsVersion = 14.3;
					};
				};
			};
			buildConfigurationList = 5AC5A54D29FE4D1B00765C35 /* Build configuration list for PBXProject "BitcoinChart" */;
			compatibilityVersion = "Xcode 14.0";
			developmentRegion = en;
			hasScannedForEncodings = 0;
			knownRegions = (
				en,
				Base,
			);
			mainGroup = 5AC5A54929FE4D1B00765C35;
			packageReferences = (
			);
			productRefGroup = 5AC5A55329FE4D1B00765C35 /* Products */;
			projectDirPath = "";
			projectRoot = "";
			targets = (
				5AC5A55129FE4D1B00765C35 /* BitcoinChart */,
			);
		};
/* End PBXProject section */

/* Begin PBXResourcesBuildPhase section */
		5AC5A55029FE4D1B00765C35 /* Resources */ = {
			isa = PBXResourcesBuildPhase;
			buildActionMask = 2147483647;
			files = (
				5AC5A55D29FE4D1D00765C35 /* Preview Assets.xcassets in Resources */,
				5AC5A55A29FE4D1D00765C35 /* Assets.xcassets in Resources */,
			);
			runOnlyForDeploymentPostprocessing = 0;
		};
/* End PBXResourcesBuildPhase section */

/* Begin PBXSourcesBuildPhase section */
		5AC5A54E29FE4D1B00765C35 /* Sources */ = {
			isa = PBXSourcesBuildPhase;
			buildActionMask = 2147483647;
			files = (
				5A3DD0BC2A00F1A100EDAE15 /* ApiManager.swift in Sources */,
				5AD2BB6729FF6CB100CBC4A2 /* IntervalRange.swift in Sources */,
				5AC5A56B29FE4F8D00765C35 /* Extensions.swift in Sources */,
				5A3DD0D82A00FEF900EDAE15 /* CoinViewModel.swift in Sources */,
				5AC5A56E29FE506D00765C35 /* Websocket.swift in Sources */,
				5AD2BB6029FF41CD00CBC4A2 /* CandleStickChart.swift in Sources */,
				5A3DD0CA2A00F3EC00EDAE15 /* DataParser.swift in Sources */,
				5A3DD0D52A00FE4300EDAE15 /* CoinService.swift in Sources */,
				5AC5A55829FE4D1B00765C35 /* ContentView.swift in Sources */,
				5AC5A56829FE4F3A00765C35 /* Candelstick.swift in Sources */,
				5A3DD0B62A00E40A00EDAE15 /* Double.swift in Sources */,
				5AD2BB6229FF441100CBC4A2 /* Constants.swift in Sources */,
				5AC5A57229FE51AC00765C35 /* NetworkManager.swift in Sources */,
				5A3DD0BA2A00F0C100EDAE15 /* NetworkError.swift in Sources */,
				5A3DD0B42A00A2EF00EDAE15 /* ServerTime.swift in Sources */,
				5AC5A56429FE4E8B00765C35 /* MockData.swift in Sources */,
				5AC5A55629FE4D1B00765C35 /* BitcoinChartApp.swift in Sources */,
				5A3DD0CE2A00F46900EDAE15 /* CoinRequest.swift in Sources */,
				5A3DD0C52A00F33E00EDAE15 /* RequestType.swift in Sources */,
				5A3DD0C72A00F3BD00EDAE15 /* RequestManager.swift in Sources */,
				5A3DD0DA2A01026000EDAE15 /* Logger.swift in Sources */,
				5A3DD0DD2A0108F000EDAE15 /* ServerTime.swift in Sources */,
				5A3DD0C32A00F28F00EDAE15 /* APIConstants.swift in Sources */,
				5AD2BB6529FF6C7100CBC4A2 /* ChooseIntervalView.swift in Sources */,
				5A3DD0BE2A00F20E00EDAE15 /* RequestProtocol.swift in Sources */,
				5AC5A57029FE50E600765C35 /* Coin.swift in Sources */,
			);
			runOnlyForDeploymentPostprocessing = 0;
		};
/* End PBXSourcesBuildPhase section */

/* Begin XCBuildConfiguration section */
		5AC5A55E29FE4D1D00765C35 /* Debug */ = {
			isa = XCBuildConfiguration;
			buildSettings = {
				ALWAYS_SEARCH_USER_PATHS = NO;
				CLANG_ANALYZER_NONNULL = YES;
				CLANG_ANALYZER_NUMBER_OBJECT_CONVERSION = YES_AGGRESSIVE;
				CLANG_CXX_LANGUAGE_STANDARD = "gnu++20";
				CLANG_ENABLE_MODULES = YES;
				CLANG_ENABLE_OBJC_ARC = YES;
				CLANG_ENABLE_OBJC_WEAK = YES;
				CLANG_WARN_BLOCK_CAPTURE_AUTORELEASING = YES;
				CLANG_WARN_BOOL_CONVERSION = YES;
				CLANG_WARN_COMMA = YES;
				CLANG_WARN_CONSTANT_CONVERSION = YES;
				CLANG_WARN_DEPRECATED_OBJC_IMPLEMENTATIONS = YES;
				CLANG_WARN_DIRECT_OBJC_ISA_USAGE = YES_ERROR;
				CLANG_WARN_DOCUMENTATION_COMMENTS = YES;
				CLANG_WARN_EMPTY_BODY = YES;
				CLANG_WARN_ENUM_CONVERSION = YES;
				CLANG_WARN_INFINITE_RECURSION = YES;
				CLANG_WARN_INT_CONVERSION = YES;
				CLANG_WARN_NON_LITERAL_NULL_CONVERSION = YES;
				CLANG_WARN_OBJC_IMPLICIT_RETAIN_SELF = YES;
				CLANG_WARN_OBJC_LITERAL_CONVERSION = YES;
				CLANG_WARN_OBJC_ROOT_CLASS = YES_ERROR;
				CLANG_WARN_QUOTED_INCLUDE_IN_FRAMEWORK_HEADER = YES;
				CLANG_WARN_RANGE_LOOP_ANALYSIS = YES;
				CLANG_WARN_STRICT_PROTOTYPES = YES;
				CLANG_WARN_SUSPICIOUS_MOVE = YES;
				CLANG_WARN_UNGUARDED_AVAILABILITY = YES_AGGRESSIVE;
				CLANG_WARN_UNREACHABLE_CODE = YES;
				CLANG_WARN__DUPLICATE_METHOD_MATCH = YES;
				COPY_PHASE_STRIP = NO;
				DEBUG_INFORMATION_FORMAT = dwarf;
				ENABLE_STRICT_OBJC_MSGSEND = YES;
				ENABLE_TESTABILITY = YES;
				GCC_C_LANGUAGE_STANDARD = gnu11;
				GCC_DYNAMIC_NO_PIC = NO;
				GCC_NO_COMMON_BLOCKS = YES;
				GCC_OPTIMIZATION_LEVEL = 0;
				GCC_PREPROCESSOR_DEFINITIONS = (
					"DEBUG=1",
					"$(inherited)",
				);
				GCC_WARN_64_TO_32_BIT_CONVERSION = YES;
				GCC_WARN_ABOUT_RETURN_TYPE = YES_ERROR;
				GCC_WARN_UNDECLARED_SELECTOR = YES;
				GCC_WARN_UNINITIALIZED_AUTOS = YES_AGGRESSIVE;
				GCC_WARN_UNUSED_FUNCTION = YES;
				GCC_WARN_UNUSED_VARIABLE = YES;
				IPHONEOS_DEPLOYMENT_TARGET = 16.4;
				MTL_ENABLE_DEBUG_INFO = INCLUDE_SOURCE;
				MTL_FAST_MATH = YES;
				ONLY_ACTIVE_ARCH = YES;
				SDKROOT = iphoneos;
				SWIFT_ACTIVE_COMPILATION_CONDITIONS = DEBUG;
				SWIFT_OPTIMIZATION_LEVEL = "-Onone";
			};
			name = Debug;
		};
		5AC5A55F29FE4D1D00765C35 /* Release */ = {
			isa = XCBuildConfiguration;
			buildSettings = {
				ALWAYS_SEARCH_USER_PATHS = NO;
				CLANG_ANALYZER_NONNULL = YES;
				CLANG_ANALYZER_NUMBER_OBJECT_CONVERSION = YES_AGGRESSIVE;
				CLANG_CXX_LANGUAGE_STANDARD = "gnu++20";
				CLANG_ENABLE_MODULES = YES;
				CLANG_ENABLE_OBJC_ARC = YES;
				CLANG_ENABLE_OBJC_WEAK = YES;
				CLANG_WARN_BLOCK_CAPTURE_AUTORELEASING = YES;
				CLANG_WARN_BOOL_CONVERSION = YES;
				CLANG_WARN_COMMA = YES;
				CLANG_WARN_CONSTANT_CONVERSION = YES;
				CLANG_WARN_DEPRECATED_OBJC_IMPLEMENTATIONS = YES;
				CLANG_WARN_DIRECT_OBJC_ISA_USAGE = YES_ERROR;
				CLANG_WARN_DOCUMENTATION_COMMENTS = YES;
				CLANG_WARN_EMPTY_BODY = YES;
				CLANG_WARN_ENUM_CONVERSION = YES;
				CLANG_WARN_INFINITE_RECURSION = YES;
				CLANG_WARN_INT_CONVERSION = YES;
				CLANG_WARN_NON_LITERAL_NULL_CONVERSION = YES;
				CLANG_WARN_OBJC_IMPLICIT_RETAIN_SELF = YES;
				CLANG_WARN_OBJC_LITERAL_CONVERSION = YES;
				CLANG_WARN_OBJC_ROOT_CLASS = YES_ERROR;
				CLANG_WARN_QUOTED_INCLUDE_IN_FRAMEWORK_HEADER = YES;
				CLANG_WARN_RANGE_LOOP_ANALYSIS = YES;
				CLANG_WARN_STRICT_PROTOTYPES = YES;
				CLANG_WARN_SUSPICIOUS_MOVE = YES;
				CLANG_WARN_UNGUARDED_AVAILABILITY = YES_AGGRESSIVE;
				CLANG_WARN_UNREACHABLE_CODE = YES;
				CLANG_WARN__DUPLICATE_METHOD_MATCH = YES;
				COPY_PHASE_STRIP = NO;
				DEBUG_INFORMATION_FORMAT = "dwarf-with-dsym";
				ENABLE_NS_ASSERTIONS = NO;
				ENABLE_STRICT_OBJC_MSGSEND = YES;
				GCC_C_LANGUAGE_STANDARD = gnu11;
				GCC_NO_COMMON_BLOCKS = YES;
				GCC_WARN_64_TO_32_BIT_CONVERSION = YES;
				GCC_WARN_ABOUT_RETURN_TYPE = YES_ERROR;
				GCC_WARN_UNDECLARED_SELECTOR = YES;
				GCC_WARN_UNINITIALIZED_AUTOS = YES_AGGRESSIVE;
				GCC_WARN_UNUSED_FUNCTION = YES;
				GCC_WARN_UNUSED_VARIABLE = YES;
				IPHONEOS_DEPLOYMENT_TARGET = 16.4;
				MTL_ENABLE_DEBUG_INFO = NO;
				MTL_FAST_MATH = YES;
				SDKROOT = iphoneos;
				SWIFT_COMPILATION_MODE = wholemodule;
				SWIFT_OPTIMIZATION_LEVEL = "-O";
				VALIDATE_PRODUCT = YES;
			};
			name = Release;
		};
		5AC5A56129FE4D1D00765C35 /* Debug */ = {
			isa = XCBuildConfiguration;
			buildSettings = {
				ASSETCATALOG_COMPILER_APPICON_NAME = AppIcon;
				ASSETCATALOG_COMPILER_GLOBAL_ACCENT_COLOR_NAME = AccentColor;
				CODE_SIGN_STYLE = Automatic;
				CURRENT_PROJECT_VERSION = 1;
				DEVELOPMENT_ASSET_PATHS = "\"BitcoinChart/Preview Content\"";
				DEVELOPMENT_TEAM = NM9YBSUGNH;
				ENABLE_PREVIEWS = YES;
				GENERATE_INFOPLIST_FILE = YES;
				INFOPLIST_KEY_UIApplicationSceneManifest_Generation = YES;
				INFOPLIST_KEY_UIApplicationSupportsIndirectInputEvents = YES;
				INFOPLIST_KEY_UILaunchScreen_Generation = YES;
				INFOPLIST_KEY_UISupportedInterfaceOrientations_iPad = "UIInterfaceOrientationPortrait UIInterfaceOrientationPortraitUpsideDown UIInterfaceOrientationLandscapeLeft UIInterfaceOrientationLandscapeRight";
				INFOPLIST_KEY_UISupportedInterfaceOrientations_iPhone = "UIInterfaceOrientationPortrait UIInterfaceOrientationLandscapeLeft UIInterfaceOrientationLandscapeRight";
				IPHONEOS_DEPLOYMENT_TARGET = 16.2;
				LD_RUNPATH_SEARCH_PATHS = (
					"$(inherited)",
					"@executable_path/Frameworks",
				);
				MARKETING_VERSION = 1.0;
				PRODUCT_BUNDLE_IDENTIFIER = com.vinhht.BitcoinChart;
				PRODUCT_NAME = "$(TARGET_NAME)";
				SWIFT_EMIT_LOC_STRINGS = YES;
				SWIFT_VERSION = 5.0;
				TARGETED_DEVICE_FAMILY = "1,2";
			};
			name = Debug;
		};
		5AC5A56229FE4D1D00765C35 /* Release */ = {
			isa = XCBuildConfiguration;
			buildSettings = {
				ASSETCATALOG_COMPILER_APPICON_NAME = AppIcon;
				ASSETCATALOG_COMPILER_GLOBAL_ACCENT_COLOR_NAME = AccentColor;
				CODE_SIGN_STYLE = Automatic;
				CURRENT_PROJECT_VERSION = 1;
				DEVELOPMENT_ASSET_PATHS = "\"BitcoinChart/Preview Content\"";
				DEVELOPMENT_TEAM = NM9YBSUGNH;
				ENABLE_PREVIEWS = YES;
				GENERATE_INFOPLIST_FILE = YES;
				INFOPLIST_KEY_UIApplicationSceneManifest_Generation = YES;
				INFOPLIST_KEY_UIApplicationSupportsIndirectInputEvents = YES;
				INFOPLIST_KEY_UILaunchScreen_Generation = YES;
				INFOPLIST_KEY_UISupportedInterfaceOrientations_iPad = "UIInterfaceOrientationPortrait UIInterfaceOrientationPortraitUpsideDown UIInterfaceOrientationLandscapeLeft UIInterfaceOrientationLandscapeRight";
				INFOPLIST_KEY_UISupportedInterfaceOrientations_iPhone = "UIInterfaceOrientationPortrait UIInterfaceOrientationLandscapeLeft UIInterfaceOrientationLandscapeRight";
				IPHONEOS_DEPLOYMENT_TARGET = 16.2;
				LD_RUNPATH_SEARCH_PATHS = (
					"$(inherited)",
					"@executable_path/Frameworks",
				);
				MARKETING_VERSION = 1.0;
				PRODUCT_BUNDLE_IDENTIFIER = com.vinhht.BitcoinChart;
				PRODUCT_NAME = "$(TARGET_NAME)";
				SWIFT_EMIT_LOC_STRINGS = YES;
				SWIFT_VERSION = 5.0;
				TARGETED_DEVICE_FAMILY = "1,2";
			};
			name = Release;
		};
/* End XCBuildConfiguration section */

/* Begin XCConfigurationList section */
		5AC5A54D29FE4D1B00765C35 /* Build configuration list for PBXProject "BitcoinChart" */ = {
			isa = XCConfigurationList;
			buildConfigurations = (
				5AC5A55E29FE4D1D00765C35 /* Debug */,
				5AC5A55F29FE4D1D00765C35 /* Release */,
			);
			defaultConfigurationIsVisible = 0;
			defaultConfigurationName = Release;
		};
		5AC5A56029FE4D1D00765C35 /* Build configuration list for PBXNativeTarget "BitcoinChart" */ = {
			isa = XCConfigurationList;
			buildConfigurations = (
				5AC5A56129FE4D1D00765C35 /* Debug */,
				5AC5A56229FE4D1D00765C35 /* Release */,
			);
			defaultConfigurationIsVisible = 0;
			defaultConfigurationName = Release;
		};
/* End XCConfigurationList section */
	};
	rootObject = 5AC5A54A29FE4D1B00765C35 /* Project object */;
}
